
Microsoft Visual Studio Solution File, Format Version 12.00
# Visual Studio 14
VisualStudioVersion = 14.0.25123.0
MinimumVisualStudioVersion = 10.0.40219.1
Project("{888888A0-9F3D-457C-B088-3A5042F75D52}") = "Randomized Selection Algorithm", "Randomized Selection Algorithm\Randomized Selection Algorithm.pyproj", "{B69A3FFB-0553-400E-916B-316563AFF650}"
EndProject
Global
	GlobalSection(SolutionConfigurationPlatforms) = preSolution
		Debug|Any CPU = Debug|Any CPU
		Release|Any CPU = Release|Any CPU
	EndGlobalSection
	GlobalSection(ProjectConfigurationPlatforms) = postSolution
		{B69A3FFB-0553-400E-916B-316563AFF650}.Debug|Any CPU.ActiveCfg = Debug|Any CPU
		{B69A3FFB-0553-400E-916B-316563AFF650}.Release|Any CPU.ActiveCfg = Release|Any CPU
	EndGlobalSection
	GlobalSection(SolutionProperties) = preSolution
		HideSolutionNode = FALSE
	EndGlobalSection
EndGlobal
